
Microsoft Visual Studio Solution File, Format Version 12.00
# Visual Studio Version 16
VisualStudioVersion = 16.0.31624.102
MinimumVisualStudioVersion = 10.0.40219.1
Project("{FAE04EC0-301F-11D3-BF4B-00C04F79EFBC}") = "lere333", "lere333\lere333.csproj", "{E0848A0E-983B-4C31-9CC4-6060D81552B9}"
EndProject
Global
	GlobalSection(SolutionConfigurationPlatforms) = preSolution
		Debug|Any CPU = Debug|Any CPU
		Release|Any CPU = Release|Any CPU
	EndGlobalSection
	GlobalSection(ProjectConfigurationPlatforms) = postSolution
		{E0848A0E-983B-4C31-9CC4-6060D81552B9}.Debug|Any CPU.ActiveCfg = Debug|Any CPU
		{E0848A0E-983B-4C31-9CC4-6060D81552B9}.Debug|Any CPU.Build.0 = Debug|Any CPU
		{E0848A0E-983B-4C31-9CC4-6060D81552B9}.Release|Any CPU.ActiveCfg = Release|Any CPU
		{E0848A0E-983B-4C31-9CC4-6060D81552B9}.Release|Any CPU.Build.0 = Release|Any CPU
	EndGlobalSection
	GlobalSection(SolutionProperties) = preSolution
		HideSolutionNode = FALSE
	EndGlobalSection
	GlobalSection(ExtensibilityGlobals) = postSolution
		SolutionGuid = {34FC982E-7E58-44E6-82FC-0DC246C1F0FE}
	EndGlobalSection
EndGlobal
